
Microsoft Visual Studio Solution File, Format Version 12.00
# Visual Studio 2013
VisualStudioVersion = 12.0.31101.0
MinimumVisualStudioVersion = 10.0.40219.1
Project("{8BC9CEB8-8B4A-11D0-8D11-00A0C91BC942}") = "glut101", "glut101\glut101.vcxproj", "{3C5F25D8-9B1F-4385-A8CE-4C7F7D179591}"
EndProject
Project("{8BC9CEB8-8B4A-11D0-8D11-00A0C91BC942}") = "glut102", "glut102\glut102.vcxproj", "{F51F09B6-95AD-448A-B267-F5067D185DC9}"
EndProject
Project("{8BC9CEB8-8B4A-11D0-8D11-00A0C91BC942}") = "glut103", "glut103\glut103.vcxproj", "{A563393E-5A25-4457-92D5-CD8E753728A2}"
EndProject
Project("{8BC9CEB8-8B4A-11D0-8D11-00A0C91BC942}") = "glut103b", "glut103b\glut103b.vcxproj", "{EDBA3988-DFAD-49EE-AABD-957E3E95C5CA}"
EndProject
Project("{8BC9CEB8-8B4A-11D0-8D11-00A0C91BC942}") = "glut104", "glut104\glut104.vcxproj", "{CEF74F18-F7A6-4855-A0A1-85FF193AA237}"
EndProject
Project("{8BC9CEB8-8B4A-11D0-8D11-00A0C91BC942}") = "glut105", "glut105\glut105.vcxproj", "{553738DD-4927-4FFD-805C-D439EE7D4ADA}"
EndProject
Project("{8BC9CEB8-8B4A-11D0-8D11-00A0C91BC942}") = "glut106", "glut106\glut106.vcxproj", "{EF4946D9-330E-4ADA-98C6-F4D069C191BB}"
EndProject
Project("{8BC9CEB8-8B4A-11D0-8D11-00A0C91BC942}") = "glut107", "glut107\glut107.vcxproj", "{E1CAE9FB-F2B0-4F73-AB87-0E47FC3575DF}"
EndProject
Project("{8BC9CEB8-8B4A-11D0-8D11-00A0C91BC942}") = "glut108", "glut108\glut108.vcxproj", "{FD7CA166-7FCC-4898-977E-C18176BF0D37}"
EndProject
Project("{8BC9CEB8-8B4A-11D0-8D11-00A0C91BC942}") = "glut109", "glut109\glut109.vcxproj", "{CD74F4FC-004C-43A9-A133-8CB908AF9BD0}"
EndProject
Project("{8BC9CEB8-8B4A-11D0-8D11-00A0C91BC942}") = "glut110", "glut110\glut110.vcxproj", "{A61DA408-E0CA-441E-BB07-7F534B6EE1DF}"
EndProject
Project("{8BC9CEB8-8B4A-11D0-8D11-00A0C91BC942}") = "glut111", "glut111\glut111.vcxproj", "{8C29CB46-4FEE-47A7-A8F9-CDD8AC0E9B87}"
EndProject
Project("{8BC9CEB8-8B4A-11D0-8D11-00A0C91BC942}") = "glut112", "glut112\glut112.vcxproj", "{FDB9AD7C-3EBC-4869-B6F3-F22F131E5C54}"
EndProject
Project("{8BC9CEB8-8B4A-11D0-8D11-00A0C91BC942}") = "glut113", "glut113\glut113.vcxproj", "{93647055-E3A5-4AB3-BE00-8F1B9DBB416A}"
EndProject
Project("{8BC9CEB8-8B4A-11D0-8D11-00A0C91BC942}") = "glut114", "glut114\glut114.vcxproj", "{F7E6C4C5-3D33-49C9-B66D-36318431E4A1}"
EndProject
Project("{8BC9CEB8-8B4A-11D0-8D11-00A0C91BC942}") = "glut116", "glut116\glut116.vcxproj", "{458AA976-ABBA-47F9-A76C-C27DF1E84380}"
EndProject
Project("{8BC9CEB8-8B4A-11D0-8D11-00A0C91BC942}") = "glut117", "glut117\glut117.vcxproj", "{2E18E522-CEC1-4D91-A9F3-DA50590DDEC4}"
EndProject
Project("{8BC9CEB8-8B4A-11D0-8D11-00A0C91BC942}") = "glut118", "glut118\glut118.vcxproj", "{00D41CD5-3C57-46B5-9E24-97DCA25F5766}"
EndProject
Project("{8BC9CEB8-8B4A-11D0-8D11-00A0C91BC942}") = "glut119", "glut119\glut119.vcxproj", "{52107BE3-68A6-4032-BF0D-F2070FEBB6B1}"
EndProject
Global
	GlobalSection(SolutionConfigurationPlatforms) = preSolution
		Debug|Win32 = Debug|Win32
		Release|Win32 = Release|Win32
	EndGlobalSection
	GlobalSection(ProjectConfigurationPlatforms) = postSolution
		{3C5F25D8-9B1F-4385-A8CE-4C7F7D179591}.Debug|Win32.ActiveCfg = Debug|Win32
		{3C5F25D8-9B1F-4385-A8CE-4C7F7D179591}.Debug|Win32.Build.0 = Debug|Win32
		{3C5F25D8-9B1F-4385-A8CE-4C7F7D179591}.Release|Win32.ActiveCfg = Release|Win32
		{3C5F25D8-9B1F-4385-A8CE-4C7F7D179591}.Release|Win32.Build.0 = Release|Win32
		{F51F09B6-95AD-448A-B267-F5067D185DC9}.Debug|Win32.ActiveCfg = Debug|Win32
		{F51F09B6-95AD-448A-B267-F5067D185DC9}.Debug|Win32.Build.0 = Debug|Win32
		{F51F09B6-95AD-448A-B267-F5067D185DC9}.Release|Win32.ActiveCfg = Release|Win32
		{F51F09B6-95AD-448A-B267-F5067D185DC9}.Release|Win32.Build.0 = Release|Win32
		{A563393E-5A25-4457-92D5-CD8E753728A2}.Debug|Win32.ActiveCfg = Debug|Win32
		{A563393E-5A25-4457-92D5-CD8E753728A2}.Debug|Win32.Build.0 = Debug|Win32
		{A563393E-5A25-4457-92D5-CD8E753728A2}.Release|Win32.ActiveCfg = Release|Win32
		{A563393E-5A25-4457-92D5-CD8E753728A2}.Release|Win32.Build.0 = Release|Win32
		{EDBA3988-DFAD-49EE-AABD-957E3E95C5CA}.Debug|Win32.ActiveCfg = Debug|Win32
		{EDBA3988-DFAD-49EE-AABD-957E3E95C5CA}.Debug|Win32.Build.0 = Debug|Win32
		{EDBA3988-DFAD-49EE-AABD-957E3E95C5CA}.Release|Win32.ActiveCfg = Release|Win32
		{EDBA3988-DFAD-49EE-AABD-957E3E95C5CA}.Release|Win32.Build.0 = Release|Win32
		{CEF74F18-F7A6-4855-A0A1-85FF193AA237}.Debug|Win32.ActiveCfg = Debug|Win32
		{CEF74F18-F7A6-4855-A0A1-85FF193AA237}.Debug|Win32.Build.0 = Debug|Win32
		{CEF74F18-F7A6-4855-A0A1-85FF193AA237}.Release|Win32.ActiveCfg = Release|Win32
		{CEF74F18-F7A6-4855-A0A1-85FF193AA237}.Release|Win32.Build.0 = Release|Win32
		{553738DD-4927-4FFD-805C-D439EE7D4ADA}.Debug|Win32.ActiveCfg = Debug|Win32
		{553738DD-4927-4FFD-805C-D439EE7D4ADA}.Debug|Win32.Build.0 = Debug|Win32
		{553738DD-4927-4FFD-805C-D439EE7D4ADA}.Release|Win32.ActiveCfg = Release|Win32
		{553738DD-4927-4FFD-805C-D439EE7D4ADA}.Release|Win32.Build.0 = Release|Win32
		{EF4946D9-330E-4ADA-98C6-F4D069C191BB}.Debug|Win32.ActiveCfg = Debug|Win32
		{EF4946D9-330E-4ADA-98C6-F4D069C191BB}.Debug|Win32.Build.0 = Debug|Win32
		{EF4946D9-330E-4ADA-98C6-F4D069C191BB}.Release|Win32.ActiveCfg = Release|Win32
		{EF4946D9-330E-4ADA-98C6-F4D069C191BB}.Release|Win32.Build.0 = Release|Win32
		{E1CAE9FB-F2B0-4F73-AB87-0E47FC3575DF}.Debug|Win32.ActiveCfg = Debug|Win32
		{E1CAE9FB-F2B0-4F73-AB87-0E47FC3575DF}.Debug|Win32.Build.0 = Debug|Win32
		{E1CAE9FB-F2B0-4F73-AB87-0E47FC3575DF}.Release|Win32.ActiveCfg = Release|Win32
		{E1CAE9FB-F2B0-4F73-AB87-0E47FC3575DF}.Release|Win32.Build.0 = Release|Win32
		{FD7CA166-7FCC-4898-977E-C18176BF0D37}.Debug|Win32.ActiveCfg = Debug|Win32
		{FD7CA166-7FCC-4898-977E-C18176BF0D37}.Debug|Win32.Build.0 = Debug|Win32
		{FD7CA166-7FCC-4898-977E-C18176BF0D37}.Release|Win32.ActiveCfg = Release|Win32
		{FD7CA166-7FCC-4898-977E-C18176BF0D37}.Release|Win32.Build.0 = Release|Win32
		{CD74F4FC-004C-43A9-A133-8CB908AF9BD0}.Debug|Win32.ActiveCfg = Debug|Win32
		{CD74F4FC-004C-43A9-A133-8CB908AF9BD0}.Debug|Win32.Build.0 = Debug|Win32
		{CD74F4FC-004C-43A9-A133-8CB908AF9BD0}.Release|Win32.ActiveCfg = Release|Win32
		{CD74F4FC-004C-43A9-A133-8CB908AF9BD0}.Release|Win32.Build.0 = Release|Win32
		{A61DA408-E0CA-441E-BB07-7F534B6EE1DF}.Debug|Win32.ActiveCfg = Debug|Win32
		{A61DA408-E0CA-441E-BB07-7F534B6EE1DF}.Debug|Win32.Build.0 = Debug|Win32
		{A61DA408-E0CA-441E-BB07-7F534B6EE1DF}.Release|Win32.ActiveCfg = Release|Win32
		{A61DA408-E0CA-441E-BB07-7F534B6EE1DF}.Release|Win32.Build.0 = Release|Win32
		{8C29CB46-4FEE-47A7-A8F9-CDD8AC0E9B87}.Debug|Win32.ActiveCfg = Debug|Win32
		{8C29CB46-4FEE-47A7-A8F9-CDD8AC0E9B87}.Debug|Win32.Build.0 = Debug|Win32
		{8C29CB46-4FEE-47A7-A8F9-CDD8AC0E9B87}.Release|Win32.ActiveCfg = Release|Win32
		{8C29CB46-4FEE-47A7-A8F9-CDD8AC0E9B87}.Release|Win32.Build.0 = Release|Win32
		{FDB9AD7C-3EBC-4869-B6F3-F22F131E5C54}.Debug|Win32.ActiveCfg = Debug|Win32
		{FDB9AD7C-3EBC-4869-B6F3-F22F131E5C54}.Debug|Win32.Build.0 = Debug|Win32
		{FDB9AD7C-3EBC-4869-B6F3-F22F131E5C54}.Release|Win32.ActiveCfg = Release|Win32
		{FDB9AD7C-3EBC-4869-B6F3-F22F131E5C54}.Release|Win32.Build.0 = Release|Win32
		{93647055-E3A5-4AB3-BE00-8F1B9DBB416A}.Debug|Win32.ActiveCfg = Debug|Win32
		{93647055-E3A5-4AB3-BE00-8F1B9DBB416A}.Debug|Win32.Build.0 = Debug|Win32
		{93647055-E3A5-4AB3-BE00-8F1B9DBB416A}.Release|Win32.ActiveCfg = Release|Win32
		{93647055-E3A5-4AB3-BE00-8F1B9DBB416A}.Release|Win32.Build.0 = Release|Win32
		{F7E6C4C5-3D33-49C9-B66D-36318431E4A1}.Debug|Win32.ActiveCfg = Debug|Win32
		{F7E6C4C5-3D33-49C9-B66D-36318431E4A1}.Debug|Win32.Build.0 = Debug|Win32
		{F7E6C4C5-3D33-49C9-B66D-36318431E4A1}.Release|Win32.ActiveCfg = Release|Win32
		{F7E6C4C5-3D33-49C9-B66D-36318431E4A1}.Release|Win32.Build.0 = Release|Win32
		{458AA976-ABBA-47F9-A76C-C27DF1E84380}.Debug|Win32.ActiveCfg = Debug|Win32
		{458AA976-ABBA-47F9-A76C-C27DF1E84380}.Debug|Win32.Build.0 = Debug|Win32
		{458AA976-ABBA-47F9-A76C-C27DF1E84380}.Release|Win32.ActiveCfg = Release|Win32
		{458AA976-ABBA-47F9-A76C-C27DF1E84380}.Release|Win32.Build.0 = Release|Win32
		{2E18E522-CEC1-4D91-A9F3-DA50590DDEC4}.Debug|Win32.ActiveCfg = Debug|Win32
		{2E18E522-CEC1-4D91-A9F3-DA50590DDEC4}.Debug|Win32.Build.0 = Debug|Win32
		{2E18E522-CEC1-4D91-A9F3-DA50590DDEC4}.Release|Win32.ActiveCfg = Release|Win32
		{2E18E522-CEC1-4D91-A9F3-DA50590DDEC4}.Release|Win32.Build.0 = Release|Win32
		{00D41CD5-3C57-46B5-9E24-97DCA25F5766}.Debug|Win32.ActiveCfg = Debug|Win32
		{00D41CD5-3C57-46B5-9E24-97DCA25F5766}.Debug|Win32.Build.0 = Debug|Win32
		{00D41CD5-3C57-46B5-9E24-97DCA25F5766}.Release|Win32.ActiveCfg = Release|Win32
		{00D41CD5-3C57-46B5-9E24-97DCA25F5766}.Release|Win32.Build.0 = Release|Win32
		{52107BE3-68A6-4032-BF0D-F2070FEBB6B1}.Debug|Win32.ActiveCfg = Debug|Win32
		{52107BE3-68A6-4032-BF0D-F2070FEBB6B1}.Debug|Win32.Build.0 = Debug|Win32
		{52107BE3-68A6-4032-BF0D-F2070FEBB6B1}.Release|Win32.ActiveCfg = Release|Win32
		{52107BE3-68A6-4032-BF0D-F2070FEBB6B1}.Release|Win32.Build.0 = Release|Win32
	EndGlobalSection
	GlobalSection(SolutionProperties) = preSolution
		HideSolutionNode = FALSE
	EndGlobalSection
EndGlobal
